absl-py==2.1.0
aicsimageio==4.14.0
aicspylibczi==3.1.2
aiobotocore==2.5.4
aiohttp==3.9.3
aioitertools==0.11.0
aiosignal==1.3.1
alabaster==0.7.16
anndata==0.10.5.post1
annotated-types==0.6.0
app-model==0.2.4
appdirs==1.4.4
array-api-compat==1.4.1
asciitree==0.3.3
asttokens==2.4.1
async-timeout==4.0.3
attrs==23.2.0
babel==2.14.0
basicpy==1.1.0
bfio==2.3.0
bioformats-jar==2020.5.27
botocore==1.31.17
build==1.1.1
cachey==0.2.1
certifi==2024.2.2
charset-normalizer==3.3.2
click==8.1.7
click-plugins==1.1.1
cligj==0.7.2
cloudpickle==3.0.0
comm==0.2.1
configargparse==1.7
connection-pool==0.0.3
contourpy==1.2.0
csbdeep==0.7.4
cycler==0.12.1
czifile==2019.7.2
dask==2024.2.1
dask-image==2023.3.0
datrie==0.8.2
debugpy==1.8.1
decorator==5.1.1
distributed==2024.2.1
docker-pycreds==0.4.0
docstring-parser==0.15
docutils==0.20.1
dpath==2.1.6
elementpath==4.3.0
exceptiongroup==1.2.0
executing==2.0.1
fasteners==0.19
fastjsonschema==2.19.1
filelock==3.13.1
fiona==1.9.5
fonttools==4.49.0
freetype-py==2.4.0
frozenlist==1.4.1
fsspec==2024.2.0
geojson==3.1.0
geopandas==0.14.3
gitdb==4.0.11
gitpython==3.1.42
gradient-free-optimizers==1.3.0
grpcio==1.62.0
h5py==3.10.0
heapdict==1.0.1
hsluv==5.0.4
humanfriendly==10.0
hyperactive==4.6.0
idna==3.6
imagecodecs==2024.1.1
imageio==2.34.0
imageio-ffmpeg==0.4.9
imagesize==1.4.1
importlib-metadata==7.0.1
in-n-out==0.1.9
ipdb==0.13.13
ipykernel==6.29.3
ipython==8.22.1
itk==5.3.0
itk-core==5.3.0
itk-elastix==0.17.1
itk-filtering==5.3.0
itk-io==5.3.0
itk-numerics==5.3.0
itk-registration==5.3.0
itk-segmentation==5.3.0
jax==0.4.23
jaxlib==0.4.23
jedi==0.19.1
jgo==1.0.5
jinja2==3.1.3
jmespath==1.0.1
joblib==1.3.2
jpype1==1.5.0
jsonschema==4.21.1
jsonschema-specifications==2023.12.1
jupyter-client==8.6.0
jupyter-core==5.7.1
kiwisolver==1.4.5
lazy-loader==0.3
lightning==2.2.1
lightning-utilities==0.10.1
llvmlite==0.42.0
locket==1.0.0
looseversion==1.3.0
lxml==4.9.4
m2stitch @ git+https://github.com/yfukai/m2stitch.git@fa3fd9919d568c47c132806d5b88353abcc79df2
magicgui==0.8.1
markdown==3.5.2
markdown-it-py==3.0.0
markupsafe==2.1.5
matplotlib==3.8.3
matplotlib-inline==0.1.6
mdurl==0.1.2
ml-dtypes==0.3.2
mpmath==1.3.0
mrc==0.3.1
msgpack==1.0.7
multidict==6.0.5
mypy-extensions==1.0.0
napari==0.4.19.post1
napari-aicsimageio==0.7.2
napari-console==0.0.9
napari-nikon-nd2==0.1.3
napari-plugin-engine==0.2.0
napari-plugin-manager==0.1.0a2
napari-svg==0.1.10
natsort==8.4.0
nbformat==5.9.2
nd2==0.9.0
nd2reader==3.3.0
nest-asyncio==1.6.0
networkx==3.2.1
npe2==0.7.4
numba==0.59.0
numcodecs==0.12.1
numerize==0.12
numpy==1.26.4
numpydoc==1.6.0
nvidia-cublas-cu12==12.1.3.1
nvidia-cuda-cupti-cu12==12.1.105
nvidia-cuda-nvrtc-cu12==12.1.105
nvidia-cuda-runtime-cu12==12.1.105
nvidia-cudnn-cu12==8.9.2.26
nvidia-cufft-cu12==11.0.2.54
nvidia-curand-cu12==10.3.2.106
nvidia-cusolver-cu12==11.4.5.107
nvidia-cusparse-cu12==12.1.0.106
nvidia-nccl-cu12==2.19.3
nvidia-nvjitlink-cu12==12.4.99
nvidia-nvtx-cu12==12.1.105
ome-types==0.5.0
ome-zarr==0.8.3
opencv-contrib-python-headless==4.9.0.80
opt-einsum==3.3.0
packaging==23.2
pandas==2.2.1
pandas-stubs==1.2.0.62
parso==0.8.3
partd==1.4.1
-e file:///gstore/home/lubecke/perturbview_tissue
pexpect==4.9.0
pillow==10.2.0
pims==0.6.1
pint==0.23
pip==24.0
plac==1.4.3
platformdirs==4.2.0
pooch==1.8.1
prompt-toolkit==3.0.43
protobuf==4.25.3
psutil==5.9.8
psygnal==0.9.5
ptyprocess==0.7.0
pulp==2.7.0
pure-eval==0.2.2
pyconify==0.1.6
pydantic==2.6.3
pydantic-compat==0.1.2
pydantic-core==2.16.3
pydash==7.0.7
pygments==2.17.2
pyopengl==3.1.7
pyparsing==3.1.1
pyproj==3.6.1
pyproject-hooks==1.0.0
pyqt5==5.15.10
pyqt5-qt5==5.15.2
pyqt5-sip==12.13.0
python-dateutil==2.9.0
pytorch-lightning==2.2.1
pytz==2024.1
pywavelets==1.5.0
pyyaml==6.0.1
pyzmq==25.1.2
qtconsole==5.5.1
qtpy==2.4.1
readlif==0.6.5
referencing==0.33.0
requests==2.31.0
reretry==0.11.8
resource-backed-dask-array==0.1.0
rich==13.7.1
rpds-py==0.18.0
s3fs==2023.6.0
scikit-image==0.22.0
scikit-learn==1.4.1.post1
scipy==1.12.0
scyjava==1.9.1
seaborn==0.13.2
sentry-sdk==1.41.0
setproctitle==1.3.3
setuptools==69.1.1
shapely==2.0.3
simpleitk==2.3.1
six==1.16.0
slicerator==1.1.0
smart-open==7.0.1
smmap==5.0.1
snakemake==7.32.4
sniffio==1.3.1
snowballstemmer==2.2.0
sortedcontainers==2.4.0
sphinx==7.2.6
sphinxcontrib-applehelp==1.0.8
sphinxcontrib-devhelp==1.0.6
sphinxcontrib-htmlhelp==2.0.5
sphinxcontrib-jsmath==1.0.1
sphinxcontrib-qthelp==1.0.7
sphinxcontrib-serializinghtml==1.1.10
spotiflow @ git+https://www.github.com/weigertlab/spotiflow.git@0217bb67d231843b9079213d2742cbcda297ed5d
stack-data==0.6.3
stopit==1.1.2
superqt==0.6.1
sympy==1.12
tabulate==0.9.0
tblib==3.0.0
tensorboard==2.16.2
tensorboard-data-server==0.7.2
threadpoolctl==3.3.0
throttler==1.2.2
tifffile==2024.2.12
tiler==0.5.7
tomli==2.0.1
tomli-w==1.0.0
toolz==0.12.1
toposort==1.10
torch==2.2.1
torchmetrics==1.3.1
torchvision==0.17.1
tornado==6.4
tqdm==4.66.2
trackpy==0.6.2
traitlets==5.14.1
triangle==20230923
triton==2.2.0
typer==0.9.0
typing-extensions==4.10.0
tzdata==2024.1
urllib3==2.2.1
uv==0.1.15
vispy==0.14.1
wandb==0.16.4
wcwidth==0.2.13
werkzeug==3.0.1
wheel==0.42.0
wrapt==1.16.0
wsireg @ git+https://github.com/NHPatterson/wsireg.git@e8d441818ed1df5ab997f60989cf9f2ef1db4cbe
xarray==2024.2.0
xmlschema==3.0.2
xmltodict==0.13.0
xsdata==24.2.1
yarl==1.9.4
yte==1.5.4
zarr==2.15.0
zict==3.0.0
zipp==3.17.0
